PODS:
  - ReactorKit (3.2.0):
    - RxSwift (~> 6.0)
    - WeakMapTable (~> 1.1)
  - RxBlocking (6.5.0):
    - RxSwift (= 6.5.0)
  - RxCocoa (6.5.0):
    - RxRelay (= 6.5.0)
    - RxSwift (= 6.5.0)
  - RxRelay (6.5.0):
    - RxSwift (= 6.5.0)
  - RxSwift (6.5.0)
  - RxTest (6.5.0):
    - RxSwift (= 6.5.0)
  - SnapKit (5.6.0)
  - WeakMapTable (1.2.0)

DEPENDENCIES:
  - ReactorKit
  - RxBlocking
  - RxCocoa
  - RxTest
  - SnapKit

SPEC REPOS:
  trunk:
    - ReactorKit
    - RxBlocking
    - RxCocoa
    - RxRelay
    - RxSwift
    - RxTest
    - SnapKit
    - WeakMapTable

SPEC CHECKSUMS:
  ReactorKit: e8b11d6b9c415405f381669b095c154a05b59eca
  RxBlocking: 04b5fd28bb5ea49f7d64b80db8bbfe50d9cc1c7d
  RxCocoa: 94f817b71c07517321eb4f9ad299112ca8af743b
  RxRelay: 1de1523e604c72b6c68feadedd1af3b1b4d0ecbd
  RxSwift: 5710a9e6b17f3c3d6e40d6e559b9fa1e813b2ef8
  RxTest: eb2d23adefc5a5ebf5779c7792fa3edfe6ebcc17
  SnapKit: e01d52ebb8ddbc333eefe2132acf85c8227d9c25
  WeakMapTable: 05c694ce8439a7a9ebabb56187287a63c57673d6

PODFILE CHECKSUM: 782d19d003287265c4426effa9f8d44d96b30281

COCOAPODS: 1.11.2
