// !$*UTF8*$!
{
	archiveVersion = 1;
	classes = {
	};
	objectVersion = 55;
	objects = {

/* Begin PBXBuildFile section */
		5A78A65AF1EC9825E07C78A5 /* Pods_ReactorKitPracticeTests.framework in Frameworks */ = {isa = PBXBuildFile; fileRef = ABCA36A0296B727C2C1E668E /* Pods_ReactorKitPracticeTests.framework */; };
		6819C533CE8042538C82BF5C /* Pods_ReactorKitPractice.framework in Frameworks */ = {isa = PBXBuildFile; fileRef = FD5FA47C0F7EDA6EB2EE3FEF /* Pods_ReactorKitPractice.framework */; };
		8B0DF96F804E5661BC857664 /* Pods_ReactorKitPractice_ReactorKitPracticeUITests.framework in Frameworks */ = {isa = PBXBuildFile; fileRef = 39ADA2E0A6DA5A17B298CE69 /* Pods_ReactorKitPractice_ReactorKitPracticeUITests.framework */; };
		B1D34AC8288BF9A400E73258 /* AppDelegate.swift in Sources */ = {isa = PBXBuildFile; fileRef = B1D34AC7288BF9A400E73258 /* AppDelegate.swift */; };
		B1D34ACA288BF9A400E73258 /* SceneDelegate.swift in Sources */ = {isa = PBXBuildFile; fileRef = B1D34AC9288BF9A400E73258 /* SceneDelegate.swift */; };
		B1D34ACC288BF9A400E73258 /* CounterViewController.swift in Sources */ = {isa = PBXBuildFile; fileRef = B1D34ACB288BF9A400E73258 /* CounterViewController.swift */; };
		B1D34AD1288BF9A500E73258 /* Assets.xcassets in Resources */ = {isa = PBXBuildFile; fileRef = B1D34AD0288BF9A500E73258 /* Assets.xcassets */; };
		B1D34AD4288BF9A500E73258 /* LaunchScreen.storyboard in Resources */ = {isa = PBXBuildFile; fileRef = B1D34AD2288BF9A500E73258 /* LaunchScreen.storyboard */; };
		B1D34ADF288BF9A500E73258 /* ReactorKitPracticeTests.swift in Sources */ = {isa = PBXBuildFile; fileRef = B1D34ADE288BF9A500E73258 /* ReactorKitPracticeTests.swift */; };
		B1D34AE9288BF9A500E73258 /* ReactorKitPracticeUITests.swift in Sources */ = {isa = PBXBuildFile; fileRef = B1D34AE8288BF9A500E73258 /* ReactorKitPracticeUITests.swift */; };
		B1D34AEB288BF9A500E73258 /* ReactorKitPracticeUITestsLaunchTests.swift in Sources */ = {isa = PBXBuildFile; fileRef = B1D34AEA288BF9A500E73258 /* ReactorKitPracticeUITestsLaunchTests.swift */; };
		B1D34AF9288BFB8F00E73258 /* CounterViewReactor.swift in Sources */ = {isa = PBXBuildFile; fileRef = B1D34AF8288BFB8F00E73258 /* CounterViewReactor.swift */; };
/* End PBXBuildFile section */

/* Begin PBXContainerItemProxy section */
		B1D34ADB288BF9A500E73258 /* PBXContainerItemProxy */ = {
			isa = PBXContainerItemProxy;
			containerPortal = B1D34ABC288BF9A400E73258 /* Project object */;
			proxyType = 1;
			remoteGlobalIDString = B1D34AC3288BF9A400E73258;
			remoteInfo = ReactorKitPractice;
		};
		B1D34AE5288BF9A500E73258 /* PBXContainerItemProxy */ = {
			isa = PBXContainerItemProxy;
			containerPortal = B1D34ABC288BF9A400E73258 /* Project object */;
			proxyType = 1;
			remoteGlobalIDString = B1D34AC3288BF9A400E73258;
			remoteInfo = ReactorKitPractice;
		};
/* End PBXContainerItemProxy section */

/* Begin PBXFileReference section */
		39ADA2E0A6DA5A17B298CE69 /* Pods_ReactorKitPractice_ReactorKitPracticeUITests.framework */ = {isa = PBXFileReference; explicitFileType = wrapper.framework; includeInIndex = 0; path = Pods_ReactorKitPractice_ReactorKitPracticeUITests.framework; sourceTree = BUILT_PRODUCTS_DIR; };
		A9445FF30B216DB936E760DC /* Pods-ReactorKitPractice.debug.xcconfig */ = {isa = PBXFileReference; includeInIndex = 1; lastKnownFileType = text.xcconfig; name = "Pods-ReactorKitPractice.debug.xcconfig"; path = "Target Support Files/Pods-ReactorKitPractice/Pods-ReactorKitPractice.debug.xcconfig"; sourceTree = "<group>"; };
		AB3D8B4BA8BA1692C888F99E /* Pods-ReactorKitPracticeTests.release.xcconfig */ = {isa = PBXFileReference; includeInIndex = 1; lastKnownFileType = text.xcconfig; name = "Pods-ReactorKitPracticeTests.release.xcconfig"; path = "Target Support Files/Pods-ReactorKitPracticeTests/Pods-ReactorKitPracticeTests.release.xcconfig"; sourceTree = "<group>"; };
		ABCA36A0296B727C2C1E668E /* Pods_ReactorKitPracticeTests.framework */ = {isa = PBXFileReference; explicitFileType = wrapper.framework; includeInIndex = 0; path = Pods_ReactorKitPracticeTests.framework; sourceTree = BUILT_PRODUCTS_DIR; };
		B1D34AC4288BF9A400E73258 /* ReactorKitPractice.app */ = {isa = PBXFileReference; explicitFileType = wrapper.application; includeInIndex = 0; path = ReactorKitPractice.app; sourceTree = BUILT_PRODUCTS_DIR; };
		B1D34AC7288BF9A400E73258 /* AppDelegate.swift */ = {isa = PBXFileReference; lastKnownFileType = sourcecode.swift; path = AppDelegate.swift; sourceTree = "<group>"; };
		B1D34AC9288BF9A400E73258 /* SceneDelegate.swift */ = {isa = PBXFileReference; lastKnownFileType = sourcecode.swift; path = SceneDelegate.swift; sourceTree = "<group>"; };
		B1D34ACB288BF9A400E73258 /* CounterViewController.swift */ = {isa = PBXFileReference; lastKnownFileType = sourcecode.swift; path = CounterViewController.swift; sourceTree = "<group>"; };
		B1D34AD0288BF9A500E73258 /* Assets.xcassets */ = {isa = PBXFileReference; lastKnownFileType = folder.assetcatalog; path = Assets.xcassets; sourceTree = "<group>"; };
		B1D34AD3288BF9A500E73258 /* Base */ = {isa = PBXFileReference; lastKnownFileType = file.storyboard; name = Base; path = Base.lproj/LaunchScreen.storyboard; sourceTree = "<group>"; };
		B1D34AD5288BF9A500E73258 /* Info.plist */ = {isa = PBXFileReference; lastKnownFileType = text.plist.xml; path = Info.plist; sourceTree = "<group>"; };
		B1D34ADA288BF9A500E73258 /* ReactorKitPracticeTests.xctest */ = {isa = PBXFileReference; explicitFileType = wrapper.cfbundle; includeInIndex = 0; path = ReactorKitPracticeTests.xctest; sourceTree = BUILT_PRODUCTS_DIR; };
		B1D34ADE288BF9A500E73258 /* ReactorKitPracticeTests.swift */ = {isa = PBXFileReference; lastKnownFileType = sourcecode.swift; path = ReactorKitPracticeTests.swift; sourceTree = "<group>"; };
		B1D34AE4288BF9A500E73258 /* ReactorKitPracticeUITests.xctest */ = {isa = PBXFileReference; explicitFileType = wrapper.cfbundle; includeInIndex = 0; path = ReactorKitPracticeUITests.xctest; sourceTree = BUILT_PRODUCTS_DIR; };
		B1D34AE8288BF9A500E73258 /* ReactorKitPracticeUITests.swift */ = {isa = PBXFileReference; lastKnownFileType = sourcecode.swift; path = ReactorKitPracticeUITests.swift; sourceTree = "<group>"; };
		B1D34AEA288BF9A500E73258 /* ReactorKitPracticeUITestsLaunchTests.swift */ = {isa = PBXFileReference; lastKnownFileType = sourcecode.swift; path = ReactorKitPracticeUITestsLaunchTests.swift; sourceTree = "<group>"; };
		B1D34AF8288BFB8F00E73258 /* CounterViewReactor.swift */ = {isa = PBXFileReference; lastKnownFileType = sourcecode.swift; path = CounterViewReactor.swift; sourceTree = "<group>"; };
		E2CD7EB4192742BA4DB4B813 /* Pods-ReactorKitPracticeTests.debug.xcconfig */ = {isa = PBXFileReference; includeInIndex = 1; lastKnownFileType = text.xcconfig; name = "Pods-ReactorKitPracticeTests.debug.xcconfig"; path = "Target Support Files/Pods-ReactorKitPracticeTests/Pods-ReactorKitPracticeTests.debug.xcconfig"; sourceTree = "<group>"; };
		E3C0E16776F667616A81D963 /* Pods-ReactorKitPractice.release.xcconfig */ = {isa = PBXFileReference; includeInIndex = 1; lastKnownFileType = text.xcconfig; name = "Pods-ReactorKitPractice.release.xcconfig"; path = "Target Support Files/Pods-ReactorKitPractice/Pods-ReactorKitPractice.release.xcconfig"; sourceTree = "<group>"; };
		FACC3F8A815FCBC69ABD3386 /* Pods-ReactorKitPractice-ReactorKitPracticeUITests.release.xcconfig */ = {isa = PBXFileReference; includeInIndex = 1; lastKnownFileType = text.xcconfig; name = "Pods-ReactorKitPractice-ReactorKitPracticeUITests.release.xcconfig"; path = "Target Support Files/Pods-ReactorKitPractice-ReactorKitPracticeUITests/Pods-ReactorKitPractice-ReactorKitPracticeUITests.release.xcconfig"; sourceTree = "<group>"; };
		FD5FA47C0F7EDA6EB2EE3FEF /* Pods_ReactorKitPractice.framework */ = {isa = PBXFileReference; explicitFileType = wrapper.framework; includeInIndex = 0; path = Pods_ReactorKitPractice.framework; sourceTree = BUILT_PRODUCTS_DIR; };
		FE8F8FB09FE641A76CE7541F /* Pods-ReactorKitPractice-ReactorKitPracticeUITests.debug.xcconfig */ = {isa = PBXFileReference; includeInIndex = 1; lastKnownFileType = text.xcconfig; name = "Pods-ReactorKitPractice-ReactorKitPracticeUITests.debug.xcconfig"; path = "Target Support Files/Pods-ReactorKitPractice-ReactorKitPracticeUITests/Pods-ReactorKitPractice-ReactorKitPracticeUITests.debug.xcconfig"; sourceTree = "<group>"; };
/* End PBXFileReference section */

/* Begin PBXFrameworksBuildPhase section */
		B1D34AC1288BF9A400E73258 /* Frameworks */ = {
			isa = PBXFrameworksBuildPhase;
			buildActionMask = 2147483647;
			files = (
				6819C533CE8042538C82BF5C /* Pods_ReactorKitPractice.framework in Frameworks */,
			);
			runOnlyForDeploymentPostprocessing = 0;
		};
		B1D34AD7288BF9A500E73258 /* Frameworks */ = {
			isa = PBXFrameworksBuildPhase;
			buildActionMask = 2147483647;
			files = (
				5A78A65AF1EC9825E07C78A5 /* Pods_ReactorKitPracticeTests.framework in Frameworks */,
			);
			runOnlyForDeploymentPostprocessing = 0;
		};
		B1D34AE1288BF9A500E73258 /* Frameworks */ = {
			isa = PBXFrameworksBuildPhase;
			buildActionMask = 2147483647;
			files = (
				8B0DF96F804E5661BC857664 /* Pods_ReactorKitPractice_ReactorKitPracticeUITests.framework in Frameworks */,
			);
			runOnlyForDeploymentPostprocessing = 0;
		};
/* End PBXFrameworksBuildPhase section */

/* Begin PBXGroup section */
		A81ADB8616E63185047EB7CC /* Pods */ = {
			isa = PBXGroup;
			children = (
				A9445FF30B216DB936E760DC /* Pods-ReactorKitPractice.debug.xcconfig */,
				E3C0E16776F667616A81D963 /* Pods-ReactorKitPractice.release.xcconfig */,
				FE8F8FB09FE641A76CE7541F /* Pods-ReactorKitPractice-ReactorKitPracticeUITests.debug.xcconfig */,
				FACC3F8A815FCBC69ABD3386 /* Pods-ReactorKitPractice-ReactorKitPracticeUITests.release.xcconfig */,
				E2CD7EB4192742BA4DB4B813 /* Pods-ReactorKitPracticeTests.debug.xcconfig */,
				AB3D8B4BA8BA1692C888F99E /* Pods-ReactorKitPracticeTests.release.xcconfig */,
			);
			path = Pods;
			sourceTree = "<group>";
		};
		B1D34ABB288BF9A400E73258 = {
			isa = PBXGroup;
			children = (
				B1D34AC6288BF9A400E73258 /* ReactorKitPractice */,
				B1D34ADD288BF9A500E73258 /* ReactorKitPracticeTests */,
				B1D34AE7288BF9A500E73258 /* ReactorKitPracticeUITests */,
				B1D34AC5288BF9A400E73258 /* Products */,
				A81ADB8616E63185047EB7CC /* Pods */,
				D964E554A5E6466139EFEAD9 /* Frameworks */,
			);
			sourceTree = "<group>";
		};
		B1D34AC5288BF9A400E73258 /* Products */ = {
			isa = PBXGroup;
			children = (
				B1D34AC4288BF9A400E73258 /* ReactorKitPractice.app */,
				B1D34ADA288BF9A500E73258 /* ReactorKitPracticeTests.xctest */,
				B1D34AE4288BF9A500E73258 /* ReactorKitPracticeUITests.xctest */,
			);
			name = Products;
			sourceTree = "<group>";
		};
		B1D34AC6288BF9A400E73258 /* ReactorKitPractice */ = {
			isa = PBXGroup;
			children = (
				B1D34AC7288BF9A400E73258 /* AppDelegate.swift */,
				B1D34AC9288BF9A400E73258 /* SceneDelegate.swift */,
				B1D34AF7288BFB7800E73258 /* CounterView */,
				B1D34AD0288BF9A500E73258 /* Assets.xcassets */,
				B1D34AD2288BF9A500E73258 /* LaunchScreen.storyboard */,
				B1D34AD5288BF9A500E73258 /* Info.plist */,
			);
			path = ReactorKitPractice;
			sourceTree = "<group>";
		};
		B1D34ADD288BF9A500E73258 /* ReactorKitPracticeTests */ = {
			isa = PBXGroup;
			children = (
				B1D34ADE288BF9A500E73258 /* ReactorKitPracticeTests.swift */,
			);
			path = ReactorKitPracticeTests;
			sourceTree = "<group>";
		};
		B1D34AE7288BF9A500E73258 /* ReactorKitPracticeUITests */ = {
			isa = PBXGroup;
			children = (
				B1D34AE8288BF9A500E73258 /* ReactorKitPracticeUITests.swift */,
				B1D34AEA288BF9A500E73258 /* ReactorKitPracticeUITestsLaunchTests.swift */,
			);
			path = ReactorKitPracticeUITests;
			sourceTree = "<group>";
		};
		B1D34AF7288BFB7800E73258 /* CounterView */ = {
			isa = PBXGroup;
			children = (
				B1D34ACB288BF9A400E73258 /* CounterViewController.swift */,
				B1D34AF8288BFB8F00E73258 /* CounterViewReactor.swift */,
			);
			path = CounterView;
			sourceTree = "<group>";
		};
		D964E554A5E6466139EFEAD9 /* Frameworks */ = {
			isa = PBXGroup;
			children = (
				FD5FA47C0F7EDA6EB2EE3FEF /* Pods_ReactorKitPractice.framework */,
				39ADA2E0A6DA5A17B298CE69 /* Pods_ReactorKitPractice_ReactorKitPracticeUITests.framework */,
				ABCA36A0296B727C2C1E668E /* Pods_ReactorKitPracticeTests.framework */,
			);
			name = Frameworks;
			sourceTree = "<group>";
		};
/* End PBXGroup section */

/* Begin PBXNativeTarget section */
		B1D34AC3288BF9A400E73258 /* ReactorKitPractice */ = {
			isa = PBXNativeTarget;
			buildConfigurationList = B1D34AEE288BF9A500E73258 /* Build configuration list for PBXNativeTarget "ReactorKitPractice" */;
			buildPhases = (
				5C67F887C7E0ED8687759ED1 /* [CP] Check Pods Manifest.lock */,
				B1D34AC0288BF9A400E73258 /* Sources */,
				B1D34AC1288BF9A400E73258 /* Frameworks */,
				B1D34AC2288BF9A400E73258 /* Resources */,
				0C4F4D1766FBD4156691DFDA /* [CP] Embed Pods Frameworks */,
			);
			buildRules = (
			);
			dependencies = (
			);
			name = ReactorKitPractice;
			productName = ReactorKitPractice;
			productReference = B1D34AC4288BF9A400E73258 /* ReactorKitPractice.app */;
			productType = "com.apple.product-type.application";
		};
		B1D34AD9288BF9A500E73258 /* ReactorKitPracticeTests */ = {
			isa = PBXNativeTarget;
			buildConfigurationList = B1D34AF1288BF9A500E73258 /* Build configuration list for PBXNativeTarget "ReactorKitPracticeTests" */;
			buildPhases = (
				28365A7AC4EE0D78A3103B8C /* [CP] Check Pods Manifest.lock */,
				B1D34AD6288BF9A500E73258 /* Sources */,
				B1D34AD7288BF9A500E73258 /* Frameworks */,
				B1D34AD8288BF9A500E73258 /* Resources */,
			);
			buildRules = (
			);
			dependencies = (
				B1D34ADC288BF9A500E73258 /* PBXTargetDependency */,
			);
			name = ReactorKitPracticeTests;
			productName = ReactorKitPracticeTests;
			productReference = B1D34ADA288BF9A500E73258 /* ReactorKitPracticeTests.xctest */;
			productType = "com.apple.product-type.bundle.unit-test";
		};
		B1D34AE3288BF9A500E73258 /* ReactorKitPracticeUITests */ = {
			isa = PBXNativeTarget;
			buildConfigurationList = B1D34AF4288BF9A500E73258 /* Build configuration list for PBXNativeTarget "ReactorKitPracticeUITests" */;
			buildPhases = (
				16D490F561D923C88013F589 /* [CP] Check Pods Manifest.lock */,
				B1D34AE0288BF9A500E73258 /* Sources */,
				B1D34AE1288BF9A500E73258 /* Frameworks */,
				B1D34AE2288BF9A500E73258 /* Resources */,
				312EE86C44F53DEC92C001C9 /* [CP] Embed Pods Frameworks */,
			);
			buildRules = (
			);
			dependencies = (
				B1D34AE6288BF9A500E73258 /* PBXTargetDependency */,
			);
			name = ReactorKitPracticeUITests;
			productName = ReactorKitPracticeUITests;
			productReference = B1D34AE4288BF9A500E73258 /* ReactorKitPracticeUITests.xctest */;
			productType = "com.apple.product-type.bundle.ui-testing";
		};
/* End PBXNativeTarget section */

/* Begin PBXProject section */
		B1D34ABC288BF9A400E73258 /* Project object */ = {
			isa = PBXProject;
			attributes = {
				BuildIndependentTargetsInParallel = 1;
				LastSwiftUpdateCheck = 1320;
				LastUpgradeCheck = 1320;
				TargetAttributes = {
					B1D34AC3288BF9A400E73258 = {
						CreatedOnToolsVersion = 13.2.1;
					};
					B1D34AD9288BF9A500E73258 = {
						CreatedOnToolsVersion = 13.2.1;
						TestTargetID = B1D34AC3288BF9A400E73258;
					};
					B1D34AE3288BF9A500E73258 = {
						CreatedOnToolsVersion = 13.2.1;
						TestTargetID = B1D34AC3288BF9A400E73258;
					};
				};
			};
			buildConfigurationList = B1D34ABF288BF9A400E73258 /* Build configuration list for PBXProject "ReactorKitPractice" */;
			compatibilityVersion = "Xcode 13.0";
			developmentRegion = en;
			hasScannedForEncodings = 0;
			knownRegions = (
				en,
				Base,
			);
			mainGroup = B1D34ABB288BF9A400E73258;
			productRefGroup = B1D34AC5288BF9A400E73258 /* Products */;
			projectDirPath = "";
			projectRoot = "";
			targets = (
				B1D34AC3288BF9A400E73258 /* ReactorKitPractice */,
				B1D34AD9288BF9A500E73258 /* ReactorKitPracticeTests */,
				B1D34AE3288BF9A500E73258 /* ReactorKitPracticeUITests */,
			);
		};
/* End PBXProject section */

/* Begin PBXResourcesBuildPhase section */
		B1D34AC2288BF9A400E73258 /* Resources */ = {
			isa = PBXResourcesBuildPhase;
			buildActionMask = 2147483647;
			files = (
				B1D34AD4288BF9A500E73258 /* LaunchScreen.storyboard in Resources */,
				B1D34AD1288BF9A500E73258 /* Assets.xcassets in Resources */,
			);
			runOnlyForDeploymentPostprocessing = 0;
		};
		B1D34AD8288BF9A500E73258 /* Resources */ = {
			isa = PBXResourcesBuildPhase;
			buildActionMask = 2147483647;
			files = (
			);
			runOnlyForDeploymentPostprocessing = 0;
		};
		B1D34AE2288BF9A500E73258 /* Resources */ = {
			isa = PBXResourcesBuildPhase;
			buildActionMask = 2147483647;
			files = (
			);
			runOnlyForDeploymentPostprocessing = 0;
		};
/* End PBXResourcesBuildPhase section */

/* Begin PBXShellScriptBuildPhase section */
		0C4F4D1766FBD4156691DFDA /* [CP] Embed Pods Frameworks */ = {
			isa = PBXShellScriptBuildPhase;
			buildActionMask = 2147483647;
			files = (
			);
			inputFileListPaths = (
				"${PODS_ROOT}/Target Support Files/Pods-ReactorKitPractice/Pods-ReactorKitPractice-frameworks-${CONFIGURATION}-input-files.xcfilelist",
			);
			name = "[CP] Embed Pods Frameworks";
			outputFileListPaths = (
				"${PODS_ROOT}/Target Support Files/Pods-ReactorKitPractice/Pods-ReactorKitPractice-frameworks-${CONFIGURATION}-output-files.xcfilelist",
			);
			runOnlyForDeploymentPostprocessing = 0;
			shellPath = /bin/sh;
			shellScript = "\"${PODS_ROOT}/Target Support Files/Pods-ReactorKitPractice/Pods-ReactorKitPractice-frameworks.sh\"\n";
			showEnvVarsInLog = 0;
		};
		16D490F561D923C88013F589 /* [CP] Check Pods Manifest.lock */ = {
			isa = PBXShellScriptBuildPhase;
			buildActionMask = 2147483647;
			files = (
			);
			inputFileListPaths = (
			);
			inputPaths = (
				"${PODS_PODFILE_DIR_PATH}/Podfile.lock",
				"${PODS_ROOT}/Manifest.lock",
			);
			name = "[CP] Check Pods Manifest.lock";
			outputFileListPaths = (
			);
			outputPaths = (
				"$(DERIVED_FILE_DIR)/Pods-ReactorKitPractice-ReactorKitPracticeUITests-checkManifestLockResult.txt",
			);
			runOnlyForDeploymentPostprocessing = 0;
			shellPath = /bin/sh;
			shellScript = "diff \"${PODS_PODFILE_DIR_PATH}/Podfile.lock\" \"${PODS_ROOT}/Manifest.lock\" > /dev/null\nif [ $? != 0 ] ; then\n    # print error to STDERR\n    echo \"error: The sandbox is not in sync with the Podfile.lock. Run 'pod install' or update your CocoaPods installation.\" >&2\n    exit 1\nfi\n# This output is used by Xcode 'outputs' to avoid re-running this script phase.\necho \"SUCCESS\" > \"${SCRIPT_OUTPUT_FILE_0}\"\n";
			showEnvVarsInLog = 0;
		};
		28365A7AC4EE0D78A3103B8C /* [CP] Check Pods Manifest.lock */ = {
			isa = PBXShellScriptBuildPhase;
			buildActionMask = 2147483647;
			files = (
			);
			inputFileListPaths = (
			);
			inputPaths = (
				"${PODS_PODFILE_DIR_PATH}/Podfile.lock",
				"${PODS_ROOT}/Manifest.lock",
			);
			name = "[CP] Check Pods Manifest.lock";
			outputFileListPaths = (
			);
			outputPaths = (
				"$(DERIVED_FILE_DIR)/Pods-ReactorKitPracticeTests-checkManifestLockResult.txt",
			);
			runOnlyForDeploymentPostprocessing = 0;
			shellPath = /bin/sh;
			shellScript = "diff \"${PODS_PODFILE_DIR_PATH}/Podfile.lock\" \"${PODS_ROOT}/Manifest.lock\" > /dev/null\nif [ $? != 0 ] ; then\n    # print error to STDERR\n    echo \"error: The sandbox is not in sync with the Podfile.lock. Run 'pod install' or update your CocoaPods installation.\" >&2\n    exit 1\nfi\n# This output is used by Xcode 'outputs' to avoid re-running this script phase.\necho \"SUCCESS\" > \"${SCRIPT_OUTPUT_FILE_0}\"\n";
			showEnvVarsInLog = 0;
		};
		312EE86C44F53DEC92C001C9 /* [CP] Embed Pods Frameworks */ = {
			isa = PBXShellScriptBuildPhase;
			buildActionMask = 2147483647;
			files = (
			);
			inputFileListPaths = (
				"${PODS_ROOT}/Target Support Files/Pods-ReactorKitPractice-ReactorKitPracticeUITests/Pods-ReactorKitPractice-ReactorKitPracticeUITests-frameworks-${CONFIGURATION}-input-files.xcfilelist",
			);
			name = "[CP] Embed Pods Frameworks";
			outputFileListPaths = (
				"${PODS_ROOT}/Target Support Files/Pods-ReactorKitPractice-ReactorKitPracticeUITests/Pods-ReactorKitPractice-ReactorKitPracticeUITests-frameworks-${CONFIGURATION}-output-files.xcfilelist",
			);
			runOnlyForDeploymentPostprocessing = 0;
			shellPath = /bin/sh;
			shellScript = "\"${PODS_ROOT}/Target Support Files/Pods-ReactorKitPractice-ReactorKitPracticeUITests/Pods-ReactorKitPractice-ReactorKitPracticeUITests-frameworks.sh\"\n";
			showEnvVarsInLog = 0;
		};
		5C67F887C7E0ED8687759ED1 /* [CP] Check Pods Manifest.lock */ = {
			isa = PBXShellScriptBuildPhase;
			buildActionMask = 2147483647;
			files = (
			);
			inputFileListPaths = (
			);
			inputPaths = (
				"${PODS_PODFILE_DIR_PATH}/Podfile.lock",
				"${PODS_ROOT}/Manifest.lock",
			);
			name = "[CP] Check Pods Manifest.lock";
			outputFileListPaths = (
			);
			outputPaths = (
				"$(DERIVED_FILE_DIR)/Pods-ReactorKitPractice-checkManifestLockResult.txt",
			);
			runOnlyForDeploymentPostprocessing = 0;
			shellPath = /bin/sh;
			shellScript = "diff \"${PODS_PODFILE_DIR_PATH}/Podfile.lock\" \"${PODS_ROOT}/Manifest.lock\" > /dev/null\nif [ $? != 0 ] ; then\n    # print error to STDERR\n    echo \"error: The sandbox is not in sync with the Podfile.lock. Run 'pod install' or update your CocoaPods installation.\" >&2\n    exit 1\nfi\n# This output is used by Xcode 'outputs' to avoid re-running this script phase.\necho \"SUCCESS\" > \"${SCRIPT_OUTPUT_FILE_0}\"\n";
			showEnvVarsInLog = 0;
		};
/* End PBXShellScriptBuildPhase section */

/* Begin PBXSourcesBuildPhase section */
		B1D34AC0288BF9A400E73258 /* Sources */ = {
			isa = PBXSourcesBuildPhase;
			buildActionMask = 2147483647;
			files = (
				B1D34ACC288BF9A400E73258 /* CounterViewController.swift in Sources */,
				B1D34AC8288BF9A400E73258 /* AppDelegate.swift in Sources */,
				B1D34AF9288BFB8F00E73258 /* CounterViewReactor.swift in Sources */,
				B1D34ACA288BF9A400E73258 /* SceneDelegate.swift in Sources */,
			);
			runOnlyForDeploymentPostprocessing = 0;
		};
		B1D34AD6288BF9A500E73258 /* Sources */ = {
			isa = PBXSourcesBuildPhase;
			buildActionMask = 2147483647;
			files = (
				B1D34ADF288BF9A500E73258 /* ReactorKitPracticeTests.swift in Sources */,
			);
			runOnlyForDeploymentPostprocessing = 0;
		};
		B1D34AE0288BF9A500E73258 /* Sources */ = {
			isa = PBXSourcesBuildPhase;
			buildActionMask = 2147483647;
			files = (
				B1D34AE9288BF9A500E73258 /* ReactorKitPracticeUITests.swift in Sources */,
				B1D34AEB288BF9A500E73258 /* ReactorKitPracticeUITestsLaunchTests.swift in Sources */,
			);
			runOnlyForDeploymentPostprocessing = 0;
		};
/* End PBXSourcesBuildPhase section */

/* Begin PBXTargetDependency section */
		B1D34ADC288BF9A500E73258 /* PBXTargetDependency */ = {
			isa = PBXTargetDependency;
			target = B1D34AC3288BF9A400E73258 /* ReactorKitPractice */;
			targetProxy = B1D34ADB288BF9A500E73258 /* PBXContainerItemProxy */;
		};
		B1D34AE6288BF9A500E73258 /* PBXTargetDependency */ = {
			isa = PBXTargetDependency;
			target = B1D34AC3288BF9A400E73258 /* ReactorKitPractice */;
			targetProxy = B1D34AE5288BF9A500E73258 /* PBXContainerItemProxy */;
		};
/* End PBXTargetDependency section */

/* Begin PBXVariantGroup section */
		B1D34AD2288BF9A500E73258 /* LaunchScreen.storyboard */ = {
			isa = PBXVariantGroup;
			children = (
				B1D34AD3288BF9A500E73258 /* Base */,
			);
			name = LaunchScreen.storyboard;
			sourceTree = "<group>";
		};
/* End PBXVariantGroup section */

/* Begin XCBuildConfiguration section */
		B1D34AEC288BF9A500E73258 /* Debug */ = {
			isa = XCBuildConfiguration;
			buildSettings = {
				ALWAYS_SEARCH_USER_PATHS = NO;
				CLANG_ANALYZER_NONNULL = YES;
				CLANG_ANALYZER_NUMBER_OBJECT_CONVERSION = YES_AGGRESSIVE;
				CLANG_CXX_LANGUAGE_STANDARD = "gnu++17";
				CLANG_CXX_LIBRARY = "libc++";
				CLANG_ENABLE_MODULES = YES;
				CLANG_ENABLE_OBJC_ARC = YES;
				CLANG_ENABLE_OBJC_WEAK = YES;
				CLANG_WARN_BLOCK_CAPTURE_AUTORELEASING = YES;
				CLANG_WARN_BOOL_CONVERSION = YES;
				CLANG_WARN_COMMA = YES;
				CLANG_WARN_CONSTANT_CONVERSION = YES;
				CLANG_WARN_DEPRECATED_OBJC_IMPLEMENTATIONS = YES;
				CLANG_WARN_DIRECT_OBJC_ISA_USAGE = YES_ERROR;
				CLANG_WARN_DOCUMENTATION_COMMENTS = YES;
				CLANG_WARN_EMPTY_BODY = YES;
				CLANG_WARN_ENUM_CONVERSION = YES;
				CLANG_WARN_INFINITE_RECURSION = YES;
				CLANG_WARN_INT_CONVERSION = YES;
				CLANG_WARN_NON_LITERAL_NULL_CONVERSION = YES;
				CLANG_WARN_OBJC_IMPLICIT_RETAIN_SELF = YES;
				CLANG_WARN_OBJC_LITERAL_CONVERSION = YES;
				CLANG_WARN_OBJC_ROOT_CLASS = YES_ERROR;
				CLANG_WARN_QUOTED_INCLUDE_IN_FRAMEWORK_HEADER = YES;
				CLANG_WARN_RANGE_LOOP_ANALYSIS = YES;
				CLANG_WARN_STRICT_PROTOTYPES = YES;
				CLANG_WARN_SUSPICIOUS_MOVE = YES;
				CLANG_WARN_UNGUARDED_AVAILABILITY = YES_AGGRESSIVE;
				CLANG_WARN_UNREACHABLE_CODE = YES;
				CLANG_WARN__DUPLICATE_METHOD_MATCH = YES;
				COPY_PHASE_STRIP = NO;
				DEBUG_INFORMATION_FORMAT = dwarf;
				ENABLE_STRICT_OBJC_MSGSEND = YES;
				ENABLE_TESTABILITY = YES;
				GCC_C_LANGUAGE_STANDARD = gnu11;
				GCC_DYNAMIC_NO_PIC = NO;
				GCC_NO_COMMON_BLOCKS = YES;
				GCC_OPTIMIZATION_LEVEL = 0;
				GCC_PREPROCESSOR_DEFINITIONS = (
					"DEBUG=1",
					"$(inherited)",
				);
				GCC_WARN_64_TO_32_BIT_CONVERSION = YES;
				GCC_WARN_ABOUT_RETURN_TYPE = YES_ERROR;
				GCC_WARN_UNDECLARED_SELECTOR = YES;
				GCC_WARN_UNINITIALIZED_AUTOS = YES_AGGRESSIVE;
				GCC_WARN_UNUSED_FUNCTION = YES;
				GCC_WARN_UNUSED_VARIABLE = YES;
				IPHONEOS_DEPLOYMENT_TARGET = 15.2;
				MTL_ENABLE_DEBUG_INFO = INCLUDE_SOURCE;
				MTL_FAST_MATH = YES;
				ONLY_ACTIVE_ARCH = YES;
				SDKROOT = iphoneos;
				SWIFT_ACTIVE_COMPILATION_CONDITIONS = DEBUG;
				SWIFT_OPTIMIZATION_LEVEL = "-Onone";
			};
			name = Debug;
		};
		B1D34AED288BF9A500E73258 /* Release */ = {
			isa = XCBuildConfiguration;
			buildSettings = {
				ALWAYS_SEARCH_USER_PATHS = NO;
				CLANG_ANALYZER_NONNULL = YES;
				CLANG_ANALYZER_NUMBER_OBJECT_CONVERSION = YES_AGGRESSIVE;
				CLANG_CXX_LANGUAGE_STANDARD = "gnu++17";
				CLANG_CXX_LIBRARY = "libc++";
				CLANG_ENABLE_MODULES = YES;
				CLANG_ENABLE_OBJC_ARC = YES;
				CLANG_ENABLE_OBJC_WEAK = YES;
				CLANG_WARN_BLOCK_CAPTURE_AUTORELEASING = YES;
				CLANG_WARN_BOOL_CONVERSION = YES;
				CLANG_WARN_COMMA = YES;
				CLANG_WARN_CONSTANT_CONVERSION = YES;
				CLANG_WARN_DEPRECATED_OBJC_IMPLEMENTATIONS = YES;
				CLANG_WARN_DIRECT_OBJC_ISA_USAGE = YES_ERROR;
				CLANG_WARN_DOCUMENTATION_COMMENTS = YES;
				CLANG_WARN_EMPTY_BODY = YES;
				CLANG_WARN_ENUM_CONVERSION = YES;
				CLANG_WARN_INFINITE_RECURSION = YES;
				CLANG_WARN_INT_CONVERSION = YES;
				CLANG_WARN_NON_LITERAL_NULL_CONVERSION = YES;
				CLANG_WARN_OBJC_IMPLICIT_RETAIN_SELF = YES;
				CLANG_WARN_OBJC_LITERAL_CONVERSION = YES;
				CLANG_WARN_OBJC_ROOT_CLASS = YES_ERROR;
				CLANG_WARN_QUOTED_INCLUDE_IN_FRAMEWORK_HEADER = YES;
				CLANG_WARN_RANGE_LOOP_ANALYSIS = YES;
				CLANG_WARN_STRICT_PROTOTYPES = YES;
				CLANG_WARN_SUSPICIOUS_MOVE = YES;
				CLANG_WARN_UNGUARDED_AVAILABILITY = YES_AGGRESSIVE;
				CLANG_WARN_UNREACHABLE_CODE = YES;
				CLANG_WARN__DUPLICATE_METHOD_MATCH = YES;
				COPY_PHASE_STRIP = NO;
				DEBUG_INFORMATION_FORMAT = "dwarf-with-dsym";
				ENABLE_NS_ASSERTIONS = NO;
				ENABLE_STRICT_OBJC_MSGSEND = YES;
				GCC_C_LANGUAGE_STANDARD = gnu11;
				GCC_NO_COMMON_BLOCKS = YES;
				GCC_WARN_64_TO_32_BIT_CONVERSION = YES;
				GCC_WARN_ABOUT_RETURN_TYPE = YES_ERROR;
				GCC_WARN_UNDECLARED_SELECTOR = YES;
				GCC_WARN_UNINITIALIZED_AUTOS = YES_AGGRESSIVE;
				GCC_WARN_UNUSED_FUNCTION = YES;
				GCC_WARN_UNUSED_VARIABLE = YES;
				IPHONEOS_DEPLOYMENT_TARGET = 15.2;
				MTL_ENABLE_DEBUG_INFO = NO;
				MTL_FAST_MATH = YES;
				SDKROOT = iphoneos;
				SWIFT_COMPILATION_MODE = wholemodule;
				SWIFT_OPTIMIZATION_LEVEL = "-O";
				VALIDATE_PRODUCT = YES;
			};
			name = Release;
		};
		B1D34AEF288BF9A500E73258 /* Debug */ = {
			isa = XCBuildConfiguration;
			baseConfigurationReference = A9445FF30B216DB936E760DC /* Pods-ReactorKitPractice.debug.xcconfig */;
			buildSettings = {
				ASSETCATALOG_COMPILER_APPICON_NAME = AppIcon;
				ASSETCATALOG_COMPILER_GLOBAL_ACCENT_COLOR_NAME = AccentColor;
				CODE_SIGN_STYLE = Automatic;
				CURRENT_PROJECT_VERSION = 1;
				GENERATE_INFOPLIST_FILE = YES;
				INFOPLIST_FILE = ReactorKitPractice/Info.plist;
				INFOPLIST_KEY_UIApplicationSupportsIndirectInputEvents = YES;
				INFOPLIST_KEY_UILaunchStoryboardName = LaunchScreen;
				INFOPLIST_KEY_UISupportedInterfaceOrientations_iPad = "UIInterfaceOrientationPortrait UIInterfaceOrientationPortraitUpsideDown UIInterfaceOrientationLandscapeLeft UIInterfaceOrientationLandscapeRight";
				INFOPLIST_KEY_UISupportedInterfaceOrientations_iPhone = "UIInterfaceOrientationPortrait UIInterfaceOrientationLandscapeLeft UIInterfaceOrientationLandscapeRight";
				LD_RUNPATH_SEARCH_PATHS = (
					"$(inherited)",
					"@executable_path/Frameworks",
				);
				MARKETING_VERSION = 1.0;
				PRODUCT_BUNDLE_IDENTIFIER = com.ReactorKitPractice;
				PRODUCT_NAME = "$(TARGET_NAME)";
				SWIFT_EMIT_LOC_STRINGS = YES;
				SWIFT_VERSION = 5.0;
				TARGETED_DEVICE_FAMILY = "1,2";
			};
			name = Debug;
		};
		B1D34AF0288BF9A500E73258 /* Release */ = {
			isa = XCBuildConfiguration;
			baseConfigurationReference = E3C0E16776F667616A81D963 /* Pods-ReactorKitPractice.release.xcconfig */;
			buildSettings = {
				ASSETCATALOG_COMPILER_APPICON_NAME = AppIcon;
				ASSETCATALOG_COMPILER_GLOBAL_ACCENT_COLOR_NAME = AccentColor;
				CODE_SIGN_STYLE = Automatic;
				CURRENT_PROJECT_VERSION = 1;
				GENERATE_INFOPLIST_FILE = YES;
				INFOPLIST_FILE = ReactorKitPractice/Info.plist;
				INFOPLIST_KEY_UIApplicationSupportsIndirectInputEvents = YES;
				INFOPLIST_KEY_UILaunchStoryboardName = LaunchScreen;
				INFOPLIST_KEY_UISupportedInterfaceOrientations_iPad = "UIInterfaceOrientationPortrait UIInterfaceOrientationPortraitUpsideDown UIInterfaceOrientationLandscapeLeft UIInterfaceOrientationLandscapeRight";
				INFOPLIST_KEY_UISupportedInterfaceOrientations_iPhone = "UIInterfaceOrientationPortrait UIInterfaceOrientationLandscapeLeft UIInterfaceOrientationLandscapeRight";
				LD_RUNPATH_SEARCH_PATHS = (
					"$(inherited)",
					"@executable_path/Frameworks",
				);
				MARKETING_VERSION = 1.0;
				PRODUCT_BUNDLE_IDENTIFIER = com.ReactorKitPractice;
				PRODUCT_NAME = "$(TARGET_NAME)";
				SWIFT_EMIT_LOC_STRINGS = YES;
				SWIFT_VERSION = 5.0;
				TARGETED_DEVICE_FAMILY = "1,2";
			};
			name = Release;
		};
		B1D34AF2288BF9A500E73258 /* Debug */ = {
			isa = XCBuildConfiguration;
			baseConfigurationReference = E2CD7EB4192742BA4DB4B813 /* Pods-ReactorKitPracticeTests.debug.xcconfig */;
			buildSettings = {
				ALWAYS_EMBED_SWIFT_STANDARD_LIBRARIES = YES;
				BUNDLE_LOADER = "$(TEST_HOST)";
				CODE_SIGN_STYLE = Automatic;
				CURRENT_PROJECT_VERSION = 1;
				GENERATE_INFOPLIST_FILE = YES;
				IPHONEOS_DEPLOYMENT_TARGET = 15.2;
				MARKETING_VERSION = 1.0;
				PRODUCT_BUNDLE_IDENTIFIER = com.ReactorKitPracticeTests;
				PRODUCT_NAME = "$(TARGET_NAME)";
				SWIFT_EMIT_LOC_STRINGS = NO;
				SWIFT_VERSION = 5.0;
				TARGETED_DEVICE_FAMILY = "1,2";
				TEST_HOST = "$(BUILT_PRODUCTS_DIR)/ReactorKitPractice.app/ReactorKitPractice";
			};
			name = Debug;
		};
		B1D34AF3288BF9A500E73258 /* Release */ = {
			isa = XCBuildConfiguration;
			baseConfigurationReference = AB3D8B4BA8BA1692C888F99E /* Pods-ReactorKitPracticeTests.release.xcconfig */;
			buildSettings = {
				ALWAYS_EMBED_SWIFT_STANDARD_LIBRARIES = YES;
				BUNDLE_LOADER = "$(TEST_HOST)";
				CODE_SIGN_STYLE = Automatic;
				CURRENT_PROJECT_VERSION = 1;
				GENERATE_INFOPLIST_FILE = YES;
				IPHONEOS_DEPLOYMENT_TARGET = 15.2;
				MARKETING_VERSION = 1.0;
				PRODUCT_BUNDLE_IDENTIFIER = com.ReactorKitPracticeTests;
				PRODUCT_NAME = "$(TARGET_NAME)";
				SWIFT_EMIT_LOC_STRINGS = NO;
				SWIFT_VERSION = 5.0;
				TARGETED_DEVICE_FAMILY = "1,2";
				TEST_HOST = "$(BUILT_PRODUCTS_DIR)/ReactorKitPractice.app/ReactorKitPractice";
			};
			name = Release;
		};
		B1D34AF5288BF9A500E73258 /* Debug */ = {
			isa = XCBuildConfiguration;
			baseConfigurationReference = FE8F8FB09FE641A76CE7541F /* Pods-ReactorKitPractice-ReactorKitPracticeUITests.debug.xcconfig */;
			buildSettings = {
				ALWAYS_EMBED_SWIFT_STANDARD_LIBRARIES = YES;
				CODE_SIGN_STYLE = Automatic;
				CURRENT_PROJECT_VERSION = 1;
				GENERATE_INFOPLIST_FILE = YES;
				MARKETING_VERSION = 1.0;
				PRODUCT_BUNDLE_IDENTIFIER = com.ReactorKitPracticeUITests;
				PRODUCT_NAME = "$(TARGET_NAME)";
				SWIFT_EMIT_LOC_STRINGS = NO;
				SWIFT_VERSION = 5.0;
				TARGETED_DEVICE_FAMILY = "1,2";
				TEST_TARGET_NAME = ReactorKitPractice;
			};
			name = Debug;
		};
		B1D34AF6288BF9A500E73258 /* Release */ = {
			isa = XCBuildConfiguration;
			baseConfigurationReference = FACC3F8A815FCBC69ABD3386 /* Pods-ReactorKitPractice-ReactorKitPracticeUITests.release.xcconfig */;
			buildSettings = {
				ALWAYS_EMBED_SWIFT_STANDARD_LIBRARIES = YES;
				CODE_SIGN_STYLE = Automatic;
				CURRENT_PROJECT_VERSION = 1;
				GENERATE_INFOPLIST_FILE = YES;
				MARKETING_VERSION = 1.0;
				PRODUCT_BUNDLE_IDENTIFIER = com.ReactorKitPracticeUITests;
				PRODUCT_NAME = "$(TARGET_NAME)";
				SWIFT_EMIT_LOC_STRINGS = NO;
				SWIFT_VERSION = 5.0;
				TARGETED_DEVICE_FAMILY = "1,2";
				TEST_TARGET_NAME = ReactorKitPractice;
			};
			name = Release;
		};
/* End XCBuildConfiguration section */

/* Begin XCConfigurationList section */
		B1D34ABF288BF9A400E73258 /* Build configuration list for PBXProject "ReactorKitPractice" */ = {
			isa = XCConfigurationList;
			buildConfigurations = (
				B1D34AEC288BF9A500E73258 /* Debug */,
				B1D34AED288BF9A500E73258 /* Release */,
			);
			defaultConfigurationIsVisible = 0;
			defaultConfigurationName = Release;
		};
		B1D34AEE288BF9A500E73258 /* Build configuration list for PBXNativeTarget "ReactorKitPractice" */ = {
			isa = XCConfigurationList;
			buildConfigurations = (
				B1D34AEF288BF9A500E73258 /* Debug */,
				B1D34AF0288BF9A500E73258 /* Release */,
			);
			defaultConfigurationIsVisible = 0;
			defaultConfigurationName = Release;
		};
		B1D34AF1288BF9A500E73258 /* Build configuration list for PBXNativeTarget "ReactorKitPracticeTests" */ = {
			isa = XCConfigurationList;
			buildConfigurations = (
				B1D34AF2288BF9A500E73258 /* Debug */,
				B1D34AF3288BF9A500E73258 /* Release */,
			);
			defaultConfigurationIsVisible = 0;
			defaultConfigurationName = Release;
		};
		B1D34AF4288BF9A500E73258 /* Build configuration list for PBXNativeTarget "ReactorKitPracticeUITests" */ = {
			isa = XCConfigurationList;
			buildConfigurations = (
				B1D34AF5288BF9A500E73258 /* Debug */,
				B1D34AF6288BF9A500E73258 /* Release */,
			);
			defaultConfigurationIsVisible = 0;
			defaultConfigurationName = Release;
		};
/* End XCConfigurationList section */
	};
	rootObject = B1D34ABC288BF9A400E73258 /* Project object */;
}
